// !$*UTF8*$!
{
	archiveVersion = 1;
	classes = {
	};
	objectVersion = 55;
	objects = {

/* Begin PBXBuildFile section */
		13091C2C2805DA8400D9E117 /* SnapKit in Frameworks */ = {isa = PBXBuildFile; productRef = 13091C2B2805DA8400D9E117 /* SnapKit */; };
		130B8DE9280467B800E251B1 /* ApplicationDelegate.swift in Sources */ = {isa = PBXBuildFile; fileRef = 130B8DE8280467B800E251B1 /* ApplicationDelegate.swift */; };
		130B8DF2280467B900E251B1 /* Assets.xcassets in Resources */ = {isa = PBXBuildFile; fileRef = 130B8DF1280467B900E251B1 /* Assets.xcassets */; };
		130B8DF5280467B900E251B1 /* Launch.storyboard in Resources */ = {isa = PBXBuildFile; fileRef = 130B8DF3280467B900E251B1 /* Launch.storyboard */; };
		130B8E0728046B2300E251B1 /* Domain.h in Headers */ = {isa = PBXBuildFile; fileRef = 130B8E0628046B2300E251B1 /* Domain.h */; settings = {ATTRIBUTES = (Public, ); }; };
		130B8E0A28046B2300E251B1 /* Domain.framework in Frameworks */ = {isa = PBXBuildFile; fileRef = 130B8E0428046B2300E251B1 /* Domain.framework */; };
		130B8E0B28046B2300E251B1 /* Domain.framework in Embed Frameworks */ = {isa = PBXBuildFile; fileRef = 130B8E0428046B2300E251B1 /* Domain.framework */; settings = {ATTRIBUTES = (CodeSignOnCopy, RemoveHeadersOnCopy, ); }; };
		130B8E1D28046EDF00E251B1 /* Api.framework in Frameworks */ = {isa = PBXBuildFile; fileRef = 130B8E1728046EDF00E251B1 /* Api.framework */; };
		130B8E1E28046EDF00E251B1 /* Api.framework in Embed Frameworks */ = {isa = PBXBuildFile; fileRef = 130B8E1728046EDF00E251B1 /* Api.framework */; settings = {ATTRIBUTES = (CodeSignOnCopy, RemoveHeadersOnCopy, ); }; };
		130B8E2328046F1000E251B1 /* Domain.framework in Frameworks */ = {isa = PBXBuildFile; fileRef = 130B8E0428046B2300E251B1 /* Domain.framework */; platformFilter = ios; };
		130B8E2A2804745F00E251B1 /* Alamofire in Frameworks */ = {isa = PBXBuildFile; productRef = 130B8E292804745F00E251B1 /* Alamofire */; };
		130B8E2E280481EF00E251B1 /* PointsResponse.swift in Sources */ = {isa = PBXBuildFile; fileRef = 130B8E2D280481EF00E251B1 /* PointsResponse.swift */; };
		130B8E31280482C900E251B1 /* PointsGateway.swift in Sources */ = {isa = PBXBuildFile; fileRef = 130B8E30280482C900E251B1 /* PointsGateway.swift */; };
		1381E823280BC67C00D9CBEE /* ChartFeature.h in Headers */ = {isa = PBXBuildFile; fileRef = 1381E822280BC67C00D9CBEE /* ChartFeature.h */; settings = {ATTRIBUTES = (Public, ); }; };
		1381E826280BC67C00D9CBEE /* ChartFeature.framework in Frameworks */ = {isa = PBXBuildFile; fileRef = 1381E820280BC67C00D9CBEE /* ChartFeature.framework */; };
		1381E827280BC67C00D9CBEE /* ChartFeature.framework in Embed Frameworks */ = {isa = PBXBuildFile; fileRef = 1381E820280BC67C00D9CBEE /* ChartFeature.framework */; settings = {ATTRIBUTES = (CodeSignOnCopy, RemoveHeadersOnCopy, ); }; };
		1381E82C280BC6A500D9CBEE /* SnapKit in Frameworks */ = {isa = PBXBuildFile; productRef = 1381E82B280BC6A500D9CBEE /* SnapKit */; };
		1381E830280BC85900D9CBEE /* Charts in Frameworks */ = {isa = PBXBuildFile; productRef = 1381E82F280BC85900D9CBEE /* Charts */; };
		13910B5E280853D700AC42C6 /* Swinject in Frameworks */ = {isa = PBXBuildFile; productRef = 13910B5D280853D700AC42C6 /* Swinject */; };
		ABA7B00773D5AA23BB091D45 /* GuiApplicationService.swift in Sources */ = {isa = PBXBuildFile; fileRef = ABA7B7E40BF123071267E311 /* GuiApplicationService.swift */; };
		ABA7B13EDAB9AB56EAAF212C /* ApiCommand.swift in Sources */ = {isa = PBXBuildFile; fileRef = ABA7BDF1F7A499ED803A3750 /* ApiCommand.swift */; };
		ABA7B14A1CC393F7303A7466 /* PointModel.swift in Sources */ = {isa = PBXBuildFile; fileRef = ABA7B5D16B211D3D52D0A703 /* PointModel.swift */; };
		ABA7B15E5D458A0C522FDD44 /* ExecutorProtocol.swift in Sources */ = {isa = PBXBuildFile; fileRef = ABA7B88F9896234D0F1C066D /* ExecutorProtocol.swift */; };
		ABA7B1D48D25E7DDF6D527BA /* ScreenAssembly.swift in Sources */ = {isa = PBXBuildFile; fileRef = ABA7B18BCDF17CFFDF675C2B /* ScreenAssembly.swift */; };
		ABA7B2814FAC41C5C530F854 /* ApplicationServiceProtocol.swift in Sources */ = {isa = PBXBuildFile; fileRef = ABA7B8892DADB28C538241E1 /* ApplicationServiceProtocol.swift */; };
		ABA7B2AD7DFF2B7628000A1C /* DetailSortSwitchView.swift in Sources */ = {isa = PBXBuildFile; fileRef = ABA7BE665D8A87CF31BA2A8B /* DetailSortSwitchView.swift */; };
		ABA7B2B98DFDA92CD1A75536 /* MasterScreen.swift in Sources */ = {isa = PBXBuildFile; fileRef = ABA7B1A6427CADACF132ADC1 /* MasterScreen.swift */; };
		ABA7B2D547EB5EE7EA29E484 /* MasterPresenter.swift in Sources */ = {isa = PBXBuildFile; fileRef = ABA7B2C058E11F38CA0B0832 /* MasterPresenter.swift */; };
		ABA7B2EE57A7EC2C74BDD69C /* AppOperation.swift in Sources */ = {isa = PBXBuildFile; fileRef = ABA7B1A4C1E6A0002EB8E7EB /* AppOperation.swift */; };
		ABA7B31D6D7C75DB8E2650AF /* FetchPointsApiCommand.swift in Sources */ = {isa = PBXBuildFile; fileRef = ABA7B002817FFC331D811CDB /* FetchPointsApiCommand.swift */; };
		ABA7B3F36E8B81BBAA867ED1 /* AppLineChartViewDataSource.swift in Sources */ = {isa = PBXBuildFile; fileRef = ABA7B04A30F104F6F54909F9 /* AppLineChartViewDataSource.swift */; };
		ABA7B48F22E43BAEB75D013B /* PointsGateway.swift in Sources */ = {isa = PBXBuildFile; fileRef = ABA7B8FC52DD48EDF623F6AB /* PointsGateway.swift */; };
		ABA7B5337712BCF40217C394 /* AppLineChartView.swift in Sources */ = {isa = PBXBuildFile; fileRef = ABA7BD0A2703D346064DF305 /* AppLineChartView.swift */; };
		ABA7B588CB82E3B82B6664BB /* DomainError.swift in Sources */ = {isa = PBXBuildFile; fileRef = ABA7B28C7C9B01B0D98A9B17 /* DomainError.swift */; };
		ABA7B5B40F6F4334C6A7FA24 /* DependenciesApplicationService.swift in Sources */ = {isa = PBXBuildFile; fileRef = ABA7B57B1A1F207F461837F3 /* DependenciesApplicationService.swift */; };
		ABA7B6062BF67C8138092AA0 /* ApiError.swift in Sources */ = {isa = PBXBuildFile; fileRef = ABA7B99B73A94FE45002910B /* ApiError.swift */; };
		ABA7B66289DBB62ECE5BDC45 /* Reusable.swift in Sources */ = {isa = PBXBuildFile; fileRef = ABA7BDEC0990CA88637379E1 /* Reusable.swift */; };
		ABA7B6D0D03FDF0782F00E59 /* DetailDataSource.swift in Sources */ = {isa = PBXBuildFile; fileRef = ABA7B23C3591380148586151 /* DetailDataSource.swift */; };
		ABA7B718FED9A8B078FDE110 /* Typealiases+Imports.swift in Sources */ = {isa = PBXBuildFile; fileRef = ABA7B57E6AAED0E5C30A1348 /* Typealiases+Imports.swift */; };
		ABA7B7A0EDDA6F7FE5876288 /* PresenterAssembly.swift in Sources */ = {isa = PBXBuildFile; fileRef = ABA7BE757A5BF20B701623BE /* PresenterAssembly.swift */; };
		ABA7B7ABE18F75B198D54A0B /* Operations+Command.swift in Sources */ = {isa = PBXBuildFile; fileRef = ABA7BF9E2EED9F5765A919AE /* Operations+Command.swift */; };
		ABA7B80972B430395889E1E7 /* CommandProtocol.swift in Sources */ = {isa = PBXBuildFile; fileRef = ABA7BEAC3C1147C6315F8300 /* CommandProtocol.swift */; };
		ABA7B81EB978F01C92C1CC2A /* UseCaseFactory.swift in Sources */ = {isa = PBXBuildFile; fileRef = ABA7B14ACAEF8B17EBD64F8E /* UseCaseFactory.swift */; };
		ABA7B839E2E2201CDE58F6ED /* Api.h in Headers */ = {isa = PBXBuildFile; fileRef = ABA7B6F56DE73BAF6D514321 /* Api.h */; settings = {ATTRIBUTES = (Public, ); }; };
		ABA7B9164E616009A0B20967 /* UIView+Subviews.swift in Sources */ = {isa = PBXBuildFile; fileRef = ABA7B23B541335A5B8FE494A /* UIView+Subviews.swift */; };
		ABA7B9BF4FC0B5B1892DDEEA /* UITableViewRegistrarProtocol.swift in Sources */ = {isa = PBXBuildFile; fileRef = ABA7BC199E29B69691C12620 /* UITableViewRegistrarProtocol.swift */; };
		ABA7BA99B9887C27E1BEBE73 /* PointInfoCell.swift in Sources */ = {isa = PBXBuildFile; fileRef = ABA7BE072EB73E81FAC9BC7B /* PointInfoCell.swift */; };
		ABA7BB040E3BE26164F89409 /* DetailScreen.swift in Sources */ = {isa = PBXBuildFile; fileRef = ABA7B38D7B210601D2F4389F /* DetailScreen.swift */; };
		ABA7BB897B412FC5A5B8D48A /* MasterView.swift in Sources */ = {isa = PBXBuildFile; fileRef = ABA7B3216E7C6EA504D6076A /* MasterView.swift */; };
		ABA7BC8D3B4F7DEB14B7EFF2 /* DetailView.swift in Sources */ = {isa = PBXBuildFile; fileRef = ABA7BDF05509E47478BABCC9 /* DetailView.swift */; };
		ABA7BC9958569C92259A4883 /* AppLineChartViewDelegate.swift in Sources */ = {isa = PBXBuildFile; fileRef = ABA7B88993354BCCA5C7E233 /* AppLineChartViewDelegate.swift */; };
		ABA7BD94C8DFED80450602DB /* GetPointsCase.swift in Sources */ = {isa = PBXBuildFile; fileRef = ABA7B5AC43C6E48F49D22CC1 /* GetPointsCase.swift */; };
		ABA7BDC89EFDCF0BD6F8B475 /* ReusableCell.swift in Sources */ = {isa = PBXBuildFile; fileRef = ABA7B51112FFDF72EB3952B7 /* ReusableCell.swift */; };
		ABA7BE0138716695828B2272 /* UIStackView+Subviews.swift in Sources */ = {isa = PBXBuildFile; fileRef = ABA7BE1D70AD17CE067B8E20 /* UIStackView+Subviews.swift */; };
		ABA7BE7730D870E63ED886DD /* UITableViewRegisteringProtocol.swift in Sources */ = {isa = PBXBuildFile; fileRef = ABA7BE4DE42239C1008E307D /* UITableViewRegisteringProtocol.swift */; };
		ABA7BEE27AAC2FAED275385B /* AppOperationStatus.swift in Sources */ = {isa = PBXBuildFile; fileRef = ABA7B84679ECA16F61F45502 /* AppOperationStatus.swift */; };
		ABA7BEE44DDBB20E1D727D3D /* FactoryAssembly.swift in Sources */ = {isa = PBXBuildFile; fileRef = ABA7BCCEAEE39D918FB5CBD1 /* FactoryAssembly.swift */; };
		ABA7BF875AFFBDE301A536F0 /* GatewayAssembly.swift in Sources */ = {isa = PBXBuildFile; fileRef = ABA7B1C6E6578EBD2292DA77 /* GatewayAssembly.swift */; };
		ABA7BFE8332ACFD2E249FFAC /* readme.md in Sources */ = {isa = PBXBuildFile; fileRef = ABA7BFCB4C232E6B6D7F6807 /* readme.md */; };
/* End PBXBuildFile section */

/* Begin PBXContainerItemProxy section */
		130B8E0828046B2300E251B1 /* PBXContainerItemProxy */ = {
			isa = PBXContainerItemProxy;
			containerPortal = 130B8DDD280467B800E251B1 /* Project object */;
			proxyType = 1;
			remoteGlobalIDString = 130B8E0328046B2300E251B1;
			remoteInfo = Domain;
		};
		130B8E1B28046EDF00E251B1 /* PBXContainerItemProxy */ = {
			isa = PBXContainerItemProxy;
			containerPortal = 130B8DDD280467B800E251B1 /* Project object */;
			proxyType = 1;
			remoteGlobalIDString = 130B8E1628046EDF00E251B1;
			remoteInfo = Api;
		};
		130B8E2528046F1000E251B1 /* PBXContainerItemProxy */ = {
			isa = PBXContainerItemProxy;
			containerPortal = 130B8DDD280467B800E251B1 /* Project object */;
			proxyType = 1;
			remoteGlobalIDString = 130B8E0328046B2300E251B1;
			remoteInfo = Domain;
		};
		1381E824280BC67C00D9CBEE /* PBXContainerItemProxy */ = {
			isa = PBXContainerItemProxy;
			containerPortal = 130B8DDD280467B800E251B1 /* Project object */;
			proxyType = 1;
			remoteGlobalIDString = 1381E81F280BC67C00D9CBEE;
			remoteInfo = ChartFeature;
		};
/* End PBXContainerItemProxy section */

/* Begin PBXCopyFilesBuildPhase section */
		130B8E0C28046B2300E251B1 /* Embed Frameworks */ = {
			isa = PBXCopyFilesBuildPhase;
			buildActionMask = 2147483647;
			dstPath = "";
			dstSubfolderSpec = 10;
			files = (
				130B8E0B28046B2300E251B1 /* Domain.framework in Embed Frameworks */,
				1381E827280BC67C00D9CBEE /* ChartFeature.framework in Embed Frameworks */,
				130B8E1E28046EDF00E251B1 /* Api.framework in Embed Frameworks */,
			);
			name = "Embed Frameworks";
			runOnlyForDeploymentPostprocessing = 0;
		};
/* End PBXCopyFilesBuildPhase section */

/* Begin PBXFileReference section */
		130B8DE5280467B800E251B1 /* Points.app */ = {isa = PBXFileReference; explicitFileType = wrapper.application; includeInIndex = 0; path = Points.app; sourceTree = BUILT_PRODUCTS_DIR; };
		130B8DE8280467B800E251B1 /* ApplicationDelegate.swift */ = {isa = PBXFileReference; lastKnownFileType = sourcecode.swift; path = ApplicationDelegate.swift; sourceTree = "<group>"; };
		130B8DF1280467B900E251B1 /* Assets.xcassets */ = {isa = PBXFileReference; lastKnownFileType = folder.assetcatalog; path = Assets.xcassets; sourceTree = "<group>"; };
		130B8DF4280467B900E251B1 /* Base */ = {isa = PBXFileReference; lastKnownFileType = file.storyboard; name = Base; path = Base.lproj/Launch.storyboard; sourceTree = "<group>"; };
		130B8DF6280467B900E251B1 /* Info.plist */ = {isa = PBXFileReference; lastKnownFileType = text.plist.xml; path = Info.plist; sourceTree = "<group>"; };
		130B8E0428046B2300E251B1 /* Domain.framework */ = {isa = PBXFileReference; explicitFileType = wrapper.framework; includeInIndex = 0; path = Domain.framework; sourceTree = BUILT_PRODUCTS_DIR; };
		130B8E0628046B2300E251B1 /* Domain.h */ = {isa = PBXFileReference; lastKnownFileType = sourcecode.c.h; path = Domain.h; sourceTree = "<group>"; };
		130B8E1728046EDF00E251B1 /* Api.framework */ = {isa = PBXFileReference; explicitFileType = wrapper.framework; includeInIndex = 0; path = Api.framework; sourceTree = BUILT_PRODUCTS_DIR; };
		130B8E2D280481EF00E251B1 /* PointsResponse.swift */ = {isa = PBXFileReference; lastKnownFileType = sourcecode.swift; path = PointsResponse.swift; sourceTree = "<group>"; };
		130B8E30280482C900E251B1 /* PointsGateway.swift */ = {isa = PBXFileReference; lastKnownFileType = sourcecode.swift; path = PointsGateway.swift; sourceTree = "<group>"; };
		1381E820280BC67C00D9CBEE /* ChartFeature.framework */ = {isa = PBXFileReference; explicitFileType = wrapper.framework; includeInIndex = 0; path = ChartFeature.framework; sourceTree = BUILT_PRODUCTS_DIR; };
		1381E822280BC67C00D9CBEE /* ChartFeature.h */ = {isa = PBXFileReference; lastKnownFileType = sourcecode.c.h; path = ChartFeature.h; sourceTree = "<group>"; };
		ABA7B002817FFC331D811CDB /* FetchPointsApiCommand.swift */ = {isa = PBXFileReference; fileEncoding = 4; lastKnownFileType = sourcecode.swift; path = FetchPointsApiCommand.swift; sourceTree = "<group>"; };
		ABA7B04A30F104F6F54909F9 /* AppLineChartViewDataSource.swift */ = {isa = PBXFileReference; fileEncoding = 4; lastKnownFileType = sourcecode.swift; path = AppLineChartViewDataSource.swift; sourceTree = "<group>"; };
		ABA7B14ACAEF8B17EBD64F8E /* UseCaseFactory.swift */ = {isa = PBXFileReference; fileEncoding = 4; lastKnownFileType = sourcecode.swift; path = UseCaseFactory.swift; sourceTree = "<group>"; };
		ABA7B18BCDF17CFFDF675C2B /* ScreenAssembly.swift */ = {isa = PBXFileReference; fileEncoding = 4; lastKnownFileType = sourcecode.swift; path = ScreenAssembly.swift; sourceTree = "<group>"; };
		ABA7B1A4C1E6A0002EB8E7EB /* AppOperation.swift */ = {isa = PBXFileReference; fileEncoding = 4; lastKnownFileType = sourcecode.swift; path = AppOperation.swift; sourceTree = "<group>"; };
		ABA7B1A6427CADACF132ADC1 /* MasterScreen.swift */ = {isa = PBXFileReference; fileEncoding = 4; lastKnownFileType = sourcecode.swift; path = MasterScreen.swift; sourceTree = "<group>"; };
		ABA7B1C6E6578EBD2292DA77 /* GatewayAssembly.swift */ = {isa = PBXFileReference; fileEncoding = 4; lastKnownFileType = sourcecode.swift; path = GatewayAssembly.swift; sourceTree = "<group>"; };
		ABA7B23B541335A5B8FE494A /* UIView+Subviews.swift */ = {isa = PBXFileReference; fileEncoding = 4; lastKnownFileType = sourcecode.swift; path = "UIView+Subviews.swift"; sourceTree = "<group>"; };
		ABA7B23C3591380148586151 /* DetailDataSource.swift */ = {isa = PBXFileReference; fileEncoding = 4; lastKnownFileType = sourcecode.swift; path = DetailDataSource.swift; sourceTree = "<group>"; };
		ABA7B28C7C9B01B0D98A9B17 /* DomainError.swift */ = {isa = PBXFileReference; fileEncoding = 4; lastKnownFileType = sourcecode.swift; path = DomainError.swift; sourceTree = "<group>"; };
		ABA7B2C058E11F38CA0B0832 /* MasterPresenter.swift */ = {isa = PBXFileReference; fileEncoding = 4; lastKnownFileType = sourcecode.swift; path = MasterPresenter.swift; sourceTree = "<group>"; };
		ABA7B3216E7C6EA504D6076A /* MasterView.swift */ = {isa = PBXFileReference; fileEncoding = 4; lastKnownFileType = sourcecode.swift; path = MasterView.swift; sourceTree = "<group>"; };
		ABA7B38D7B210601D2F4389F /* DetailScreen.swift */ = {isa = PBXFileReference; fileEncoding = 4; lastKnownFileType = sourcecode.swift; path = DetailScreen.swift; sourceTree = "<group>"; };
		ABA7B51112FFDF72EB3952B7 /* ReusableCell.swift */ = {isa = PBXFileReference; fileEncoding = 4; lastKnownFileType = sourcecode.swift; path = ReusableCell.swift; sourceTree = "<group>"; };
		ABA7B57B1A1F207F461837F3 /* DependenciesApplicationService.swift */ = {isa = PBXFileReference; fileEncoding = 4; lastKnownFileType = sourcecode.swift; path = DependenciesApplicationService.swift; sourceTree = "<group>"; };
		ABA7B57E6AAED0E5C30A1348 /* Typealiases+Imports.swift */ = {isa = PBXFileReference; fileEncoding = 4; lastKnownFileType = sourcecode.swift; path = "Typealiases+Imports.swift"; sourceTree = "<group>"; };
		ABA7B5AC43C6E48F49D22CC1 /* GetPointsCase.swift */ = {isa = PBXFileReference; fileEncoding = 4; lastKnownFileType = sourcecode.swift; path = GetPointsCase.swift; sourceTree = "<group>"; };
		ABA7B5D16B211D3D52D0A703 /* PointModel.swift */ = {isa = PBXFileReference; fileEncoding = 4; lastKnownFileType = sourcecode.swift; path = PointModel.swift; sourceTree = "<group>"; };
		ABA7B6F56DE73BAF6D514321 /* Api.h */ = {isa = PBXFileReference; fileEncoding = 4; lastKnownFileType = sourcecode.c.h; path = Api.h; sourceTree = "<group>"; };
		ABA7B7E40BF123071267E311 /* GuiApplicationService.swift */ = {isa = PBXFileReference; fileEncoding = 4; lastKnownFileType = sourcecode.swift; path = GuiApplicationService.swift; sourceTree = "<group>"; };
		ABA7B84679ECA16F61F45502 /* AppOperationStatus.swift */ = {isa = PBXFileReference; fileEncoding = 4; lastKnownFileType = sourcecode.swift; path = AppOperationStatus.swift; sourceTree = "<group>"; };
		ABA7B8892DADB28C538241E1 /* ApplicationServiceProtocol.swift */ = {isa = PBXFileReference; fileEncoding = 4; lastKnownFileType = sourcecode.swift; path = ApplicationServiceProtocol.swift; sourceTree = "<group>"; };
		ABA7B88993354BCCA5C7E233 /* AppLineChartViewDelegate.swift */ = {isa = PBXFileReference; fileEncoding = 4; lastKnownFileType = sourcecode.swift; path = AppLineChartViewDelegate.swift; sourceTree = "<group>"; };
		ABA7B88F9896234D0F1C066D /* ExecutorProtocol.swift */ = {isa = PBXFileReference; fileEncoding = 4; lastKnownFileType = sourcecode.swift; path = ExecutorProtocol.swift; sourceTree = "<group>"; };
		ABA7B8FC52DD48EDF623F6AB /* PointsGateway.swift */ = {isa = PBXFileReference; fileEncoding = 4; lastKnownFileType = sourcecode.swift; path = PointsGateway.swift; sourceTree = "<group>"; };
		ABA7B99B73A94FE45002910B /* ApiError.swift */ = {isa = PBXFileReference; fileEncoding = 4; lastKnownFileType = sourcecode.swift; path = ApiError.swift; sourceTree = "<group>"; };
		ABA7BC199E29B69691C12620 /* UITableViewRegistrarProtocol.swift */ = {isa = PBXFileReference; fileEncoding = 4; lastKnownFileType = sourcecode.swift; path = UITableViewRegistrarProtocol.swift; sourceTree = "<group>"; };
		ABA7BCCEAEE39D918FB5CBD1 /* FactoryAssembly.swift */ = {isa = PBXFileReference; fileEncoding = 4; lastKnownFileType = sourcecode.swift; path = FactoryAssembly.swift; sourceTree = "<group>"; };
		ABA7BD0A2703D346064DF305 /* AppLineChartView.swift */ = {isa = PBXFileReference; fileEncoding = 4; lastKnownFileType = sourcecode.swift; path = AppLineChartView.swift; sourceTree = "<group>"; };
		ABA7BDEC0990CA88637379E1 /* Reusable.swift */ = {isa = PBXFileReference; fileEncoding = 4; lastKnownFileType = sourcecode.swift; path = Reusable.swift; sourceTree = "<group>"; };
		ABA7BDF05509E47478BABCC9 /* DetailView.swift */ = {isa = PBXFileReference; fileEncoding = 4; lastKnownFileType = sourcecode.swift; path = DetailView.swift; sourceTree = "<group>"; };
		ABA7BDF1F7A499ED803A3750 /* ApiCommand.swift */ = {isa = PBXFileReference; fileEncoding = 4; lastKnownFileType = sourcecode.swift; path = ApiCommand.swift; sourceTree = "<group>"; };
		ABA7BE072EB73E81FAC9BC7B /* PointInfoCell.swift */ = {isa = PBXFileReference; fileEncoding = 4; lastKnownFileType = sourcecode.swift; path = PointInfoCell.swift; sourceTree = "<group>"; };
		ABA7BE1D70AD17CE067B8E20 /* UIStackView+Subviews.swift */ = {isa = PBXFileReference; fileEncoding = 4; lastKnownFileType = sourcecode.swift; path = "UIStackView+Subviews.swift"; sourceTree = "<group>"; };
		ABA7BE4DE42239C1008E307D /* UITableViewRegisteringProtocol.swift */ = {isa = PBXFileReference; fileEncoding = 4; lastKnownFileType = sourcecode.swift; path = UITableViewRegisteringProtocol.swift; sourceTree = "<group>"; };
		ABA7BE665D8A87CF31BA2A8B /* DetailSortSwitchView.swift */ = {isa = PBXFileReference; fileEncoding = 4; lastKnownFileType = sourcecode.swift; path = DetailSortSwitchView.swift; sourceTree = "<group>"; };
		ABA7BE757A5BF20B701623BE /* PresenterAssembly.swift */ = {isa = PBXFileReference; fileEncoding = 4; lastKnownFileType = sourcecode.swift; path = PresenterAssembly.swift; sourceTree = "<group>"; };
		ABA7BEAC3C1147C6315F8300 /* CommandProtocol.swift */ = {isa = PBXFileReference; fileEncoding = 4; lastKnownFileType = sourcecode.swift; path = CommandProtocol.swift; sourceTree = "<group>"; };
		ABA7BF9E2EED9F5765A919AE /* Operations+Command.swift */ = {isa = PBXFileReference; fileEncoding = 4; lastKnownFileType = sourcecode.swift; path = "Operations+Command.swift"; sourceTree = "<group>"; };
		ABA7BFCB4C232E6B6D7F6807 /* readme.md */ = {isa = PBXFileReference; fileEncoding = 4; lastKnownFileType = net.daringfireball.markdown; path = readme.md; sourceTree = "<group>"; };
/* End PBXFileReference section */

/* Begin PBXFrameworksBuildPhase section */
		130B8DE2280467B800E251B1 /* Frameworks */ = {
			isa = PBXFrameworksBuildPhase;
			buildActionMask = 2147483647;
			files = (
				1381E826280BC67C00D9CBEE /* ChartFeature.framework in Frameworks */,
				13091C2C2805DA8400D9E117 /* SnapKit in Frameworks */,
				130B8E0A28046B2300E251B1 /* Domain.framework in Frameworks */,
				130B8E1D28046EDF00E251B1 /* Api.framework in Frameworks */,
				13910B5E280853D700AC42C6 /* Swinject in Frameworks */,
			);
			runOnlyForDeploymentPostprocessing = 0;
		};
		130B8E0128046B2300E251B1 /* Frameworks */ = {
			isa = PBXFrameworksBuildPhase;
			buildActionMask = 2147483647;
			files = (
			);
			runOnlyForDeploymentPostprocessing = 0;
		};
		130B8E1428046EDF00E251B1 /* Frameworks */ = {
			isa = PBXFrameworksBuildPhase;
			buildActionMask = 2147483647;
			files = (
				130B8E2328046F1000E251B1 /* Domain.framework in Frameworks */,
				130B8E2A2804745F00E251B1 /* Alamofire in Frameworks */,
			);
			runOnlyForDeploymentPostprocessing = 0;
		};
		1381E81D280BC67C00D9CBEE /* Frameworks */ = {
			isa = PBXFrameworksBuildPhase;
			buildActionMask = 2147483647;
			files = (
				1381E82C280BC6A500D9CBEE /* SnapKit in Frameworks */,
				1381E830280BC85900D9CBEE /* Charts in Frameworks */,
			);
			runOnlyForDeploymentPostprocessing = 0;
		};
/* End PBXFrameworksBuildPhase section */

/* Begin PBXGroup section */
		13091C2D2805DAAF00D9E117 /* Screen */ = {
			isa = PBXGroup;
			children = (
				13091C2E2805DABE00D9E117 /* Master */,
				ABA7BD1EBF3452C67C81202C /* Detail */,
			);
			path = Screen;
			sourceTree = "<group>";
		};
		13091C2E2805DABE00D9E117 /* Master */ = {
			isa = PBXGroup;
			children = (
				ABA7BB036FD20B586814A90B /* UI */,
				ABA7BFCE2EDDB94F148442A9 /* Presentation */,
			);
			path = Master;
			sourceTree = "<group>";
		};
		130B8DDC280467B800E251B1 = {
			isa = PBXGroup;
			children = (
				130B8E1828046EDF00E251B1 /* Api */,
				130B8E0528046B2300E251B1 /* Domain */,
				130B8DE7280467B800E251B1 /* Points */,
				1381E821280BC67C00D9CBEE /* ChartFeature */,
				130B8DE6280467B800E251B1 /* Products */,
				130B8E2228046F1000E251B1 /* Frameworks */,
			);
			sourceTree = "<group>";
		};
		130B8DE6280467B800E251B1 /* Products */ = {
			isa = PBXGroup;
			children = (
				130B8DE5280467B800E251B1 /* Points.app */,
				130B8E0428046B2300E251B1 /* Domain.framework */,
				130B8E1728046EDF00E251B1 /* Api.framework */,
				1381E820280BC67C00D9CBEE /* ChartFeature.framework */,
			);
			name = Products;
			sourceTree = "<group>";
		};
		130B8DE7280467B800E251B1 /* Points */ = {
			isa = PBXGroup;
			children = (
				13091C2D2805DAAF00D9E117 /* Screen */,
				130B8DFD2804683100E251B1 /* Application */,
				130B8DFE2804694500E251B1 /* Resources */,
				130B8DFC2804682600E251B1 /* Support Files */,
				ABA7BD65C824D9460E61519D /* Service */,
				ABA7B29D0357C61FE6831EA6 /* Dependencies */,
				ABA7B0DC5146DF66096FBFC0 /* Drivers */,
			);
			path = Points;
			sourceTree = "<group>";
		};
		130B8DFC2804682600E251B1 /* Support Files */ = {
			isa = PBXGroup;
			children = (
				130B8DF6280467B900E251B1 /* Info.plist */,
				ABA7B57E6AAED0E5C30A1348 /* Typealiases+Imports.swift */,
			);
			name = "Support Files";
			sourceTree = "<group>";
		};
		130B8DFD2804683100E251B1 /* Application */ = {
			isa = PBXGroup;
			children = (
				130B8DE8280467B800E251B1 /* ApplicationDelegate.swift */,
				ABA7B8892DADB28C538241E1 /* ApplicationServiceProtocol.swift */,
			);
			path = Application;
			sourceTree = "<group>";
		};
		130B8DFE2804694500E251B1 /* Resources */ = {
			isa = PBXGroup;
			children = (
				130B8DF3280467B900E251B1 /* Launch.storyboard */,
				130B8DF1280467B900E251B1 /* Assets.xcassets */,
			);
			path = Resources;
			sourceTree = "<group>";
		};
		130B8E0528046B2300E251B1 /* Domain */ = {
			isa = PBXGroup;
			children = (
				130B8E1028046B4600E251B1 /* Drivers */,
				130B8E1128046B5000E251B1 /* Support Files */,
				ABA7B1905C6C4D66E1881BAD /* Data */,
				ABA7B4FBD19B1020C0EF1E61 /* Case */,
				ABA7B7DF9A026DF5566203C6 /* Gateway */,
				ABA7B9C73BA8D049D73FD6DA /* Factory */,
			);
			path = Domain;
			sourceTree = "<group>";
		};
		130B8E1028046B4600E251B1 /* Drivers */ = {
			isa = PBXGroup;
			children = (
				ABA7B0A9F7F8864F6A12B27C /* Command */,
				ABA7B7DB9382550DA849A96B /* Operation */,
			);
			path = Drivers;
			sourceTree = "<group>";
		};
		130B8E1128046B5000E251B1 /* Support Files */ = {
			isa = PBXGroup;
			children = (
				130B8E0628046B2300E251B1 /* Domain.h */,
			);
			name = "Support Files";
			sourceTree = "<group>";
		};
		130B8E1828046EDF00E251B1 /* Api */ = {
			isa = PBXGroup;
			children = (
				130B8E32280482DF00E251B1 /* Commands */,
				130B8E2F280482B900E251B1 /* Gateway */,
				130B8E2B280481DB00E251B1 /* Data */,
				ABA7B4E1105049B6F08A840D /* Drivers */,
				ABA7B9EDE6D5EC5C2D56A421 /* Support Files */,
			);
			path = Api;
			sourceTree = "<group>";
		};
		130B8E2228046F1000E251B1 /* Frameworks */ = {
			isa = PBXGroup;
			children = (
			);
			name = Frameworks;
			sourceTree = "<group>";
		};
		130B8E2B280481DB00E251B1 /* Data */ = {
			isa = PBXGroup;
			children = (
				130B8E2C280481E500E251B1 /* Model */,
			);
			path = Data;
			sourceTree = "<group>";
		};
		130B8E2C280481E500E251B1 /* Model */ = {
			isa = PBXGroup;
			children = (
				130B8E2D280481EF00E251B1 /* PointsResponse.swift */,
			);
			path = Model;
			sourceTree = "<group>";
		};
		130B8E2F280482B900E251B1 /* Gateway */ = {
			isa = PBXGroup;
			children = (
				130B8E30280482C900E251B1 /* PointsGateway.swift */,
			);
			path = Gateway;
			sourceTree = "<group>";
		};
		130B8E32280482DF00E251B1 /* Commands */ = {
			isa = PBXGroup;
			children = (
				ABA7B002817FFC331D811CDB /* FetchPointsApiCommand.swift */,
			);
			path = Commands;
			sourceTree = "<group>";
		};
		1381E821280BC67C00D9CBEE /* ChartFeature */ = {
			isa = PBXGroup;
			children = (
				1381E82D280BC6B500D9CBEE /* Support Files */,
				ABA7B7CEBBB9580526C14640 /* UI */,
			);
			path = ChartFeature;
			sourceTree = "<group>";
		};
		1381E82D280BC6B500D9CBEE /* Support Files */ = {
			isa = PBXGroup;
			children = (
				1381E822280BC67C00D9CBEE /* ChartFeature.h */,
			);
			name = "Support Files";
			sourceTree = "<group>";
		};
		ABA7B0A9F7F8864F6A12B27C /* Command */ = {
			isa = PBXGroup;
			children = (
				ABA7BEAC3C1147C6315F8300 /* CommandProtocol.swift */,
				ABA7B88F9896234D0F1C066D /* ExecutorProtocol.swift */,
				ABA7BF9E2EED9F5765A919AE /* Operations+Command.swift */,
			);
			path = Command;
			sourceTree = "<group>";
		};
		ABA7B0DC5146DF66096FBFC0 /* Drivers */ = {
			isa = PBXGroup;
			children = (
				ABA7B9708318B4126BEE3291 /* Presentation */,
			);
			path = Drivers;
			sourceTree = "<group>";
		};
		ABA7B1905C6C4D66E1881BAD /* Data */ = {
			isa = PBXGroup;
			children = (
				ABA7B37437A649993E0CE443 /* Model */,
			);
			path = Data;
			sourceTree = "<group>";
		};
		ABA7B29D0357C61FE6831EA6 /* Dependencies */ = {
			isa = PBXGroup;
			children = (
				ABA7B18BCDF17CFFDF675C2B /* ScreenAssembly.swift */,
				ABA7BE757A5BF20B701623BE /* PresenterAssembly.swift */,
				ABA7BCCEAEE39D918FB5CBD1 /* FactoryAssembly.swift */,
				ABA7B1C6E6578EBD2292DA77 /* GatewayAssembly.swift */,
			);
			path = Dependencies;
			sourceTree = "<group>";
		};
		ABA7B37437A649993E0CE443 /* Model */ = {
			isa = PBXGroup;
			children = (
				ABA7B5D16B211D3D52D0A703 /* PointModel.swift */,
				ABA7B28C7C9B01B0D98A9B17 /* DomainError.swift */,
			);
			path = Model;
			sourceTree = "<group>";
		};
		ABA7B4E1105049B6F08A840D /* Drivers */ = {
			isa = PBXGroup;
			children = (
				ABA7B9CFC83B2203F2B160D7 /* Network */,
			);
			path = Drivers;
			sourceTree = "<group>";
		};
		ABA7B4FBD19B1020C0EF1E61 /* Case */ = {
			isa = PBXGroup;
			children = (
				ABA7B5AC43C6E48F49D22CC1 /* GetPointsCase.swift */,
			);
			path = Case;
			sourceTree = "<group>";
		};
		ABA7B760755091798C8B0270 /* Application */ = {
			isa = PBXGroup;
			children = (
				ABA7B7E40BF123071267E311 /* GuiApplicationService.swift */,
				ABA7B57B1A1F207F461837F3 /* DependenciesApplicationService.swift */,
			);
			path = Application;
			sourceTree = "<group>";
		};
		ABA7B7AC38A40A81C599BD73 /* DataSource */ = {
			isa = PBXGroup;
			children = (
				ABA7BE4DE42239C1008E307D /* UITableViewRegisteringProtocol.swift */,
				ABA7BC199E29B69691C12620 /* UITableViewRegistrarProtocol.swift */,
			);
			path = DataSource;
			sourceTree = "<group>";
		};
		ABA7B7CEBBB9580526C14640 /* UI */ = {
			isa = PBXGroup;
			children = (
				ABA7BD0A2703D346064DF305 /* AppLineChartView.swift */,
				ABA7B88993354BCCA5C7E233 /* AppLineChartViewDelegate.swift */,
				ABA7B04A30F104F6F54909F9 /* AppLineChartViewDataSource.swift */,
			);
			path = UI;
			sourceTree = "<group>";
		};
		ABA7B7DB9382550DA849A96B /* Operation */ = {
			isa = PBXGroup;
			children = (
				ABA7B1A4C1E6A0002EB8E7EB /* AppOperation.swift */,
				ABA7B84679ECA16F61F45502 /* AppOperationStatus.swift */,
			);
			path = Operation;
			sourceTree = "<group>";
		};
		ABA7B7DF9A026DF5566203C6 /* Gateway */ = {
			isa = PBXGroup;
			children = (
				ABA7B8FC52DD48EDF623F6AB /* PointsGateway.swift */,
			);
			path = Gateway;
			sourceTree = "<group>";
		};
		ABA7B82396E176AD72D49FA5 /* UI */ = {
			isa = PBXGroup;
			children = (
				ABA7B38D7B210601D2F4389F /* DetailScreen.swift */,
				ABA7BDF05509E47478BABCC9 /* DetailView.swift */,
				ABA7BE072EB73E81FAC9BC7B /* PointInfoCell.swift */,
				ABA7BE665D8A87CF31BA2A8B /* DetailSortSwitchView.swift */,
			);
			path = UI;
			sourceTree = "<group>";
		};
		ABA7B9708318B4126BEE3291 /* Presentation */ = {
			isa = PBXGroup;
			children = (
				ABA7BFCB4C232E6B6D7F6807 /* readme.md */,
				ABA7B7AC38A40A81C599BD73 /* DataSource */,
				ABA7BB95F358D41DB5C66BE6 /* Reusable */,
				ABA7BD9DB38386BFFC88A618 /* Subviews */,
			);
			path = Presentation;
			sourceTree = "<group>";
		};
		ABA7B9C73BA8D049D73FD6DA /* Factory */ = {
			isa = PBXGroup;
			children = (
				ABA7B14ACAEF8B17EBD64F8E /* UseCaseFactory.swift */,
			);
			path = Factory;
			sourceTree = "<group>";
		};
		ABA7B9CFC83B2203F2B160D7 /* Network */ = {
			isa = PBXGroup;
			children = (
				ABA7BDF1F7A499ED803A3750 /* ApiCommand.swift */,
				ABA7B99B73A94FE45002910B /* ApiError.swift */,
			);
			path = Network;
			sourceTree = "<group>";
		};
		ABA7B9EDE6D5EC5C2D56A421 /* Support Files */ = {
			isa = PBXGroup;
			children = (
				ABA7B6F56DE73BAF6D514321 /* Api.h */,
			);
			name = "Support Files";
			sourceTree = "<group>";
		};
		ABA7BB036FD20B586814A90B /* UI */ = {
			isa = PBXGroup;
			children = (
				ABA7B3216E7C6EA504D6076A /* MasterView.swift */,
				ABA7B1A6427CADACF132ADC1 /* MasterScreen.swift */,
			);
			path = UI;
			sourceTree = "<group>";
		};
		ABA7BB95F358D41DB5C66BE6 /* Reusable */ = {
			isa = PBXGroup;
			children = (
				ABA7BDEC0990CA88637379E1 /* Reusable.swift */,
				ABA7B51112FFDF72EB3952B7 /* ReusableCell.swift */,
			);
			path = Reusable;
			sourceTree = "<group>";
		};
		ABA7BBD0A8F87F5D0EF9F211 /* Presentation */ = {
			isa = PBXGroup;
			children = (
				ABA7B23C3591380148586151 /* DetailDataSource.swift */,
			);
			path = Presentation;
			sourceTree = "<group>";
		};
		ABA7BD1EBF3452C67C81202C /* Detail */ = {
			isa = PBXGroup;
			children = (
				ABA7B82396E176AD72D49FA5 /* UI */,
				ABA7BBD0A8F87F5D0EF9F211 /* Presentation */,
			);
			path = Detail;
			sourceTree = "<group>";
		};
		ABA7BD65C824D9460E61519D /* Service */ = {
			isa = PBXGroup;
			children = (
				ABA7B760755091798C8B0270 /* Application */,
			);
			path = Service;
			sourceTree = "<group>";
		};
		ABA7BD9DB38386BFFC88A618 /* Subviews */ = {
			isa = PBXGroup;
			children = (
				ABA7B23B541335A5B8FE494A /* UIView+Subviews.swift */,
				ABA7BE1D70AD17CE067B8E20 /* UIStackView+Subviews.swift */,
			);
			path = Subviews;
			sourceTree = "<group>";
		};
		ABA7BFCE2EDDB94F148442A9 /* Presentation */ = {
			isa = PBXGroup;
			children = (
				ABA7B2C058E11F38CA0B0832 /* MasterPresenter.swift */,
			);
			path = Presentation;
			sourceTree = "<group>";
		};
/* End PBXGroup section */

/* Begin PBXHeadersBuildPhase section */
		130B8DFF28046B2300E251B1 /* Headers */ = {
			isa = PBXHeadersBuildPhase;
			buildActionMask = 2147483647;
			files = (
				130B8E0728046B2300E251B1 /* Domain.h in Headers */,
			);
			runOnlyForDeploymentPostprocessing = 0;
		};
		130B8E1228046EDF00E251B1 /* Headers */ = {
			isa = PBXHeadersBuildPhase;
			buildActionMask = 2147483647;
			files = (
				ABA7B839E2E2201CDE58F6ED /* Api.h in Headers */,
			);
			runOnlyForDeploymentPostprocessing = 0;
		};
		1381E81B280BC67C00D9CBEE /* Headers */ = {
			isa = PBXHeadersBuildPhase;
			buildActionMask = 2147483647;
			files = (
				1381E823280BC67C00D9CBEE /* ChartFeature.h in Headers */,
			);
			runOnlyForDeploymentPostprocessing = 0;
		};
/* End PBXHeadersBuildPhase section */

/* Begin PBXNativeTarget section */
		130B8DE4280467B800E251B1 /* Points */ = {
			isa = PBXNativeTarget;
			buildConfigurationList = 130B8DF9280467B900E251B1 /* Build configuration list for PBXNativeTarget "Points" */;
			buildPhases = (
				130B8DE1280467B800E251B1 /* Sources */,
				130B8DE2280467B800E251B1 /* Frameworks */,
				130B8DE3280467B800E251B1 /* Resources */,
				130B8E0C28046B2300E251B1 /* Embed Frameworks */,
			);
			buildRules = (
			);
			dependencies = (
				130B8E0928046B2300E251B1 /* PBXTargetDependency */,
				130B8E1C28046EDF00E251B1 /* PBXTargetDependency */,
				1381E825280BC67C00D9CBEE /* PBXTargetDependency */,
			);
			name = Points;
			packageProductDependencies = (
				13091C2B2805DA8400D9E117 /* SnapKit */,
				13910B5D280853D700AC42C6 /* Swinject */,
			);
			productName = Points;
			productReference = 130B8DE5280467B800E251B1 /* Points.app */;
			productType = "com.apple.product-type.application";
		};
		130B8E0328046B2300E251B1 /* Domain */ = {
			isa = PBXNativeTarget;
			buildConfigurationList = 130B8E0F28046B2300E251B1 /* Build configuration list for PBXNativeTarget "Domain" */;
			buildPhases = (
				130B8DFF28046B2300E251B1 /* Headers */,
				130B8E0028046B2300E251B1 /* Sources */,
				130B8E0128046B2300E251B1 /* Frameworks */,
				130B8E0228046B2300E251B1 /* Resources */,
			);
			buildRules = (
			);
			dependencies = (
			);
			name = Domain;
			productName = Domain;
			productReference = 130B8E0428046B2300E251B1 /* Domain.framework */;
			productType = "com.apple.product-type.framework";
		};
		130B8E1628046EDF00E251B1 /* Api */ = {
			isa = PBXNativeTarget;
			buildConfigurationList = 130B8E2128046EDF00E251B1 /* Build configuration list for PBXNativeTarget "Api" */;
			buildPhases = (
				130B8E1228046EDF00E251B1 /* Headers */,
				130B8E1328046EDF00E251B1 /* Sources */,
				130B8E1428046EDF00E251B1 /* Frameworks */,
				130B8E1528046EDF00E251B1 /* Resources */,
			);
			buildRules = (
			);
			dependencies = (
				130B8E2628046F1000E251B1 /* PBXTargetDependency */,
			);
			name = Api;
			packageProductDependencies = (
				130B8E292804745F00E251B1 /* Alamofire */,
			);
			productName = Api;
			productReference = 130B8E1728046EDF00E251B1 /* Api.framework */;
			productType = "com.apple.product-type.framework";
		};
		1381E81F280BC67C00D9CBEE /* ChartFeature */ = {
			isa = PBXNativeTarget;
			buildConfigurationList = 1381E82A280BC67C00D9CBEE /* Build configuration list for PBXNativeTarget "ChartFeature" */;
			buildPhases = (
				1381E81B280BC67C00D9CBEE /* Headers */,
				1381E81C280BC67C00D9CBEE /* Sources */,
				1381E81D280BC67C00D9CBEE /* Frameworks */,
				1381E81E280BC67C00D9CBEE /* Resources */,
			);
			buildRules = (
			);
			dependencies = (
			);
			name = ChartFeature;
			packageProductDependencies = (
				1381E82B280BC6A500D9CBEE /* SnapKit */,
				1381E82F280BC85900D9CBEE /* Charts */,
			);
			productName = ChartFeature;
			productReference = 1381E820280BC67C00D9CBEE /* ChartFeature.framework */;
			productType = "com.apple.product-type.framework";
		};
/* End PBXNativeTarget section */

/* Begin PBXProject section */
		130B8DDD280467B800E251B1 /* Project object */ = {
			isa = PBXProject;
			attributes = {
				BuildIndependentTargetsInParallel = 1;
				LastSwiftUpdateCheck = 1330;
				LastUpgradeCheck = 1330;
				TargetAttributes = {
					130B8DE4280467B800E251B1 = {
						CreatedOnToolsVersion = 13.3;
					};
					130B8E0328046B2300E251B1 = {
						CreatedOnToolsVersion = 13.3;
					};
					130B8E1628046EDF00E251B1 = {
						CreatedOnToolsVersion = 13.3;
					};
					1381E81F280BC67C00D9CBEE = {
						CreatedOnToolsVersion = 13.3;
					};
				};
			};
			buildConfigurationList = 130B8DE0280467B800E251B1 /* Build configuration list for PBXProject "Points" */;
			compatibilityVersion = "Xcode 13.0";
			developmentRegion = en;
			hasScannedForEncodings = 0;
			knownRegions = (
				en,
				Base,
			);
			mainGroup = 130B8DDC280467B800E251B1;
			packageReferences = (
				130B8E282804745F00E251B1 /* XCRemoteSwiftPackageReference "Alamofire.git" */,
				13091C2A2805DA8400D9E117 /* XCRemoteSwiftPackageReference "SnapKit.git" */,
				13910B5C2808535200AC42C6 /* XCRemoteSwiftPackageReference "Swinject.git" */,
				1381E82E280BC85900D9CBEE /* XCRemoteSwiftPackageReference "Charts.git" */,
			);
			productRefGroup = 130B8DE6280467B800E251B1 /* Products */;
			projectDirPath = "";
			projectRoot = "";
			targets = (
				130B8DE4280467B800E251B1 /* Points */,
				130B8E0328046B2300E251B1 /* Domain */,
				130B8E1628046EDF00E251B1 /* Api */,
				1381E81F280BC67C00D9CBEE /* ChartFeature */,
			);
		};
/* End PBXProject section */

/* Begin PBXResourcesBuildPhase section */
		130B8DE3280467B800E251B1 /* Resources */ = {
			isa = PBXResourcesBuildPhase;
			buildActionMask = 2147483647;
			files = (
				130B8DF5280467B900E251B1 /* Launch.storyboard in Resources */,
				130B8DF2280467B900E251B1 /* Assets.xcassets in Resources */,
			);
			runOnlyForDeploymentPostprocessing = 0;
		};
		130B8E0228046B2300E251B1 /* Resources */ = {
			isa = PBXResourcesBuildPhase;
			buildActionMask = 2147483647;
			files = (
			);
			runOnlyForDeploymentPostprocessing = 0;
		};
		130B8E1528046EDF00E251B1 /* Resources */ = {
			isa = PBXResourcesBuildPhase;
			buildActionMask = 2147483647;
			files = (
			);
			runOnlyForDeploymentPostprocessing = 0;
		};
		1381E81E280BC67C00D9CBEE /* Resources */ = {
			isa = PBXResourcesBuildPhase;
			buildActionMask = 2147483647;
			files = (
			);
			runOnlyForDeploymentPostprocessing = 0;
		};
/* End PBXResourcesBuildPhase section */

/* Begin PBXSourcesBuildPhase section */
		130B8DE1280467B800E251B1 /* Sources */ = {
			isa = PBXSourcesBuildPhase;
			buildActionMask = 2147483647;
			files = (
				130B8DE9280467B800E251B1 /* ApplicationDelegate.swift in Sources */,
				ABA7B718FED9A8B078FDE110 /* Typealiases+Imports.swift in Sources */,
				ABA7BB897B412FC5A5B8D48A /* MasterView.swift in Sources */,
				ABA7B2B98DFDA92CD1A75536 /* MasterScreen.swift in Sources */,
				ABA7B2D547EB5EE7EA29E484 /* MasterPresenter.swift in Sources */,
				ABA7B2814FAC41C5C530F854 /* ApplicationServiceProtocol.swift in Sources */,
				ABA7B00773D5AA23BB091D45 /* GuiApplicationService.swift in Sources */,
				ABA7B5B40F6F4334C6A7FA24 /* DependenciesApplicationService.swift in Sources */,
				ABA7B1D48D25E7DDF6D527BA /* ScreenAssembly.swift in Sources */,
				ABA7B7A0EDDA6F7FE5876288 /* PresenterAssembly.swift in Sources */,
				ABA7BEE44DDBB20E1D727D3D /* FactoryAssembly.swift in Sources */,
				ABA7BF875AFFBDE301A536F0 /* GatewayAssembly.swift in Sources */,
				ABA7BB040E3BE26164F89409 /* DetailScreen.swift in Sources */,
				ABA7BC8D3B4F7DEB14B7EFF2 /* DetailView.swift in Sources */,
				ABA7B6D0D03FDF0782F00E59 /* DetailDataSource.swift in Sources */,
				ABA7BFE8332ACFD2E249FFAC /* readme.md in Sources */,
				ABA7BE7730D870E63ED886DD /* UITableViewRegisteringProtocol.swift in Sources */,
				ABA7B9BF4FC0B5B1892DDEEA /* UITableViewRegistrarProtocol.swift in Sources */,
				ABA7B66289DBB62ECE5BDC45 /* Reusable.swift in Sources */,
				ABA7BDC89EFDCF0BD6F8B475 /* ReusableCell.swift in Sources */,
				ABA7B9164E616009A0B20967 /* UIView+Subviews.swift in Sources */,
				ABA7BE0138716695828B2272 /* UIStackView+Subviews.swift in Sources */,
				ABA7BA99B9887C27E1BEBE73 /* PointInfoCell.swift in Sources */,
				ABA7B2AD7DFF2B7628000A1C /* DetailSortSwitchView.swift in Sources */,
			);
			runOnlyForDeploymentPostprocessing = 0;
		};
		130B8E0028046B2300E251B1 /* Sources */ = {
			isa = PBXSourcesBuildPhase;
			buildActionMask = 2147483647;
			files = (
				ABA7B14A1CC393F7303A7466 /* PointModel.swift in Sources */,
				ABA7B80972B430395889E1E7 /* CommandProtocol.swift in Sources */,
				ABA7B15E5D458A0C522FDD44 /* ExecutorProtocol.swift in Sources */,
				ABA7B7ABE18F75B198D54A0B /* Operations+Command.swift in Sources */,
				ABA7BD94C8DFED80450602DB /* GetPointsCase.swift in Sources */,
				ABA7B48F22E43BAEB75D013B /* PointsGateway.swift in Sources */,
				ABA7B588CB82E3B82B6664BB /* DomainError.swift in Sources */,
				ABA7B81EB978F01C92C1CC2A /* UseCaseFactory.swift in Sources */,
				ABA7B2EE57A7EC2C74BDD69C /* AppOperation.swift in Sources */,
				ABA7BEE27AAC2FAED275385B /* AppOperationStatus.swift in Sources */,
			);
			runOnlyForDeploymentPostprocessing = 0;
		};
		130B8E1328046EDF00E251B1 /* Sources */ = {
			isa = PBXSourcesBuildPhase;
			buildActionMask = 2147483647;
			files = (
				ABA7B31D6D7C75DB8E2650AF /* FetchPointsApiCommand.swift in Sources */,
				130B8E31280482C900E251B1 /* PointsGateway.swift in Sources */,
				ABA7B13EDAB9AB56EAAF212C /* ApiCommand.swift in Sources */,
				130B8E2E280481EF00E251B1 /* PointsResponse.swift in Sources */,
				ABA7B6062BF67C8138092AA0 /* ApiError.swift in Sources */,
			);
			runOnlyForDeploymentPostprocessing = 0;
		};
		1381E81C280BC67C00D9CBEE /* Sources */ = {
			isa = PBXSourcesBuildPhase;
			buildActionMask = 2147483647;
			files = (
				ABA7B5337712BCF40217C394 /* AppLineChartView.swift in Sources */,
				ABA7BC9958569C92259A4883 /* AppLineChartViewDelegate.swift in Sources */,
				ABA7B3F36E8B81BBAA867ED1 /* AppLineChartViewDataSource.swift in Sources */,
			);
			runOnlyForDeploymentPostprocessing = 0;
		};
/* End PBXSourcesBuildPhase section */

/* Begin PBXTargetDependency section */
		130B8E0928046B2300E251B1 /* PBXTargetDependency */ = {
			isa = PBXTargetDependency;
			target = 130B8E0328046B2300E251B1 /* Domain */;
			targetProxy = 130B8E0828046B2300E251B1 /* PBXContainerItemProxy */;
		};
		130B8E1C28046EDF00E251B1 /* PBXTargetDependency */ = {
			isa = PBXTargetDependency;
			target = 130B8E1628046EDF00E251B1 /* Api */;
			targetProxy = 130B8E1B28046EDF00E251B1 /* PBXContainerItemProxy */;
		};
		130B8E2628046F1000E251B1 /* PBXTargetDependency */ = {
			isa = PBXTargetDependency;
			platformFilter = ios;
			target = 130B8E0328046B2300E251B1 /* Domain */;
			targetProxy = 130B8E2528046F1000E251B1 /* PBXContainerItemProxy */;
		};
		1381E825280BC67C00D9CBEE /* PBXTargetDependency */ = {
			isa = PBXTargetDependency;
			target = 1381E81F280BC67C00D9CBEE /* ChartFeature */;
			targetProxy = 1381E824280BC67C00D9CBEE /* PBXContainerItemProxy */;
		};
/* End PBXTargetDependency section */

/* Begin PBXVariantGroup section */
		130B8DF3280467B900E251B1 /* Launch.storyboard */ = {
			isa = PBXVariantGroup;
			children = (
				130B8DF4280467B900E251B1 /* Base */,
			);
			name = Launch.storyboard;
			sourceTree = "<group>";
		};
/* End PBXVariantGroup section */

/* Begin XCBuildConfiguration section */
		130B8DF7280467B900E251B1 /* Debug */ = {
			isa = XCBuildConfiguration;
			buildSettings = {
				ALWAYS_SEARCH_USER_PATHS = NO;
				CLANG_ANALYZER_NONNULL = YES;
				CLANG_ANALYZER_NUMBER_OBJECT_CONVERSION = YES_AGGRESSIVE;
				CLANG_CXX_LANGUAGE_STANDARD = "gnu++17";
				CLANG_ENABLE_MODULES = YES;
				CLANG_ENABLE_OBJC_ARC = YES;
				CLANG_ENABLE_OBJC_WEAK = YES;
				CLANG_WARN_BLOCK_CAPTURE_AUTORELEASING = YES;
				CLANG_WARN_BOOL_CONVERSION = YES;
				CLANG_WARN_COMMA = YES;
				CLANG_WARN_CONSTANT_CONVERSION = YES;
				CLANG_WARN_DEPRECATED_OBJC_IMPLEMENTATIONS = YES;
				CLANG_WARN_DIRECT_OBJC_ISA_USAGE = YES_ERROR;
				CLANG_WARN_DOCUMENTATION_COMMENTS = YES;
				CLANG_WARN_EMPTY_BODY = YES;
				CLANG_WARN_ENUM_CONVERSION = YES;
				CLANG_WARN_INFINITE_RECURSION = YES;
				CLANG_WARN_INT_CONVERSION = YES;
				CLANG_WARN_NON_LITERAL_NULL_CONVERSION = YES;
				CLANG_WARN_OBJC_IMPLICIT_RETAIN_SELF = YES;
				CLANG_WARN_OBJC_LITERAL_CONVERSION = YES;
				CLANG_WARN_OBJC_ROOT_CLASS = YES_ERROR;
				CLANG_WARN_QUOTED_INCLUDE_IN_FRAMEWORK_HEADER = YES;
				CLANG_WARN_RANGE_LOOP_ANALYSIS = YES;
				CLANG_WARN_STRICT_PROTOTYPES = YES;
				CLANG_WARN_SUSPICIOUS_MOVE = YES;
				CLANG_WARN_UNGUARDED_AVAILABILITY = YES_AGGRESSIVE;
				CLANG_WARN_UNREACHABLE_CODE = YES;
				CLANG_WARN__DUPLICATE_METHOD_MATCH = YES;
				COPY_PHASE_STRIP = NO;
				DEBUG_INFORMATION_FORMAT = dwarf;
				ENABLE_STRICT_OBJC_MSGSEND = YES;
				ENABLE_TESTABILITY = YES;
				GCC_C_LANGUAGE_STANDARD = gnu11;
				GCC_DYNAMIC_NO_PIC = NO;
				GCC_NO_COMMON_BLOCKS = YES;
				GCC_OPTIMIZATION_LEVEL = 0;
				GCC_PREPROCESSOR_DEFINITIONS = (
					"DEBUG=1",
					"$(inherited)",
				);
				GCC_WARN_64_TO_32_BIT_CONVERSION = YES;
				GCC_WARN_ABOUT_RETURN_TYPE = YES_ERROR;
				GCC_WARN_UNDECLARED_SELECTOR = YES;
				GCC_WARN_UNINITIALIZED_AUTOS = YES_AGGRESSIVE;
				GCC_WARN_UNUSED_FUNCTION = YES;
				GCC_WARN_UNUSED_VARIABLE = YES;
				IPHONEOS_DEPLOYMENT_TARGET = 11.0;
				MTL_ENABLE_DEBUG_INFO = INCLUDE_SOURCE;
				MTL_FAST_MATH = YES;
				ONLY_ACTIVE_ARCH = YES;
				SDKROOT = iphoneos;
				SWIFT_ACTIVE_COMPILATION_CONDITIONS = DEBUG;
				SWIFT_OPTIMIZATION_LEVEL = "-Onone";
			};
			name = Debug;
		};
		130B8DF8280467B900E251B1 /* Release */ = {
			isa = XCBuildConfiguration;
			buildSettings = {
				ALWAYS_SEARCH_USER_PATHS = NO;
				CLANG_ANALYZER_NONNULL = YES;
				CLANG_ANALYZER_NUMBER_OBJECT_CONVERSION = YES_AGGRESSIVE;
				CLANG_CXX_LANGUAGE_STANDARD = "gnu++17";
				CLANG_ENABLE_MODULES = YES;
				CLANG_ENABLE_OBJC_ARC = YES;
				CLANG_ENABLE_OBJC_WEAK = YES;
				CLANG_WARN_BLOCK_CAPTURE_AUTORELEASING = YES;
				CLANG_WARN_BOOL_CONVERSION = YES;
				CLANG_WARN_COMMA = YES;
				CLANG_WARN_CONSTANT_CONVERSION = YES;
				CLANG_WARN_DEPRECATED_OBJC_IMPLEMENTATIONS = YES;
				CLANG_WARN_DIRECT_OBJC_ISA_USAGE = YES_ERROR;
				CLANG_WARN_DOCUMENTATION_COMMENTS = YES;
				CLANG_WARN_EMPTY_BODY = YES;
				CLANG_WARN_ENUM_CONVERSION = YES;
				CLANG_WARN_INFINITE_RECURSION = YES;
				CLANG_WARN_INT_CONVERSION = YES;
				CLANG_WARN_NON_LITERAL_NULL_CONVERSION = YES;
				CLANG_WARN_OBJC_IMPLICIT_RETAIN_SELF = YES;
				CLANG_WARN_OBJC_LITERAL_CONVERSION = YES;
				CLANG_WARN_OBJC_ROOT_CLASS = YES_ERROR;
				CLANG_WARN_QUOTED_INCLUDE_IN_FRAMEWORK_HEADER = YES;
				CLANG_WARN_RANGE_LOOP_ANALYSIS = YES;
				CLANG_WARN_STRICT_PROTOTYPES = YES;
				CLANG_WARN_SUSPICIOUS_MOVE = YES;
				CLANG_WARN_UNGUARDED_AVAILABILITY = YES_AGGRESSIVE;
				CLANG_WARN_UNREACHABLE_CODE = YES;
				CLANG_WARN__DUPLICATE_METHOD_MATCH = YES;
				COPY_PHASE_STRIP = NO;
				DEBUG_INFORMATION_FORMAT = "dwarf-with-dsym";
				ENABLE_NS_ASSERTIONS = NO;
				ENABLE_STRICT_OBJC_MSGSEND = YES;
				GCC_C_LANGUAGE_STANDARD = gnu11;
				GCC_NO_COMMON_BLOCKS = YES;
				GCC_WARN_64_TO_32_BIT_CONVERSION = YES;
				GCC_WARN_ABOUT_RETURN_TYPE = YES_ERROR;
				GCC_WARN_UNDECLARED_SELECTOR = YES;
				GCC_WARN_UNINITIALIZED_AUTOS = YES_AGGRESSIVE;
				GCC_WARN_UNUSED_FUNCTION = YES;
				GCC_WARN_UNUSED_VARIABLE = YES;
				IPHONEOS_DEPLOYMENT_TARGET = 11.0;
				MTL_ENABLE_DEBUG_INFO = NO;
				MTL_FAST_MATH = YES;
				SDKROOT = iphoneos;
				SWIFT_COMPILATION_MODE = wholemodule;
				SWIFT_OPTIMIZATION_LEVEL = "-O";
				VALIDATE_PRODUCT = YES;
			};
			name = Release;
		};
		130B8DFA280467B900E251B1 /* Debug */ = {
			isa = XCBuildConfiguration;
			buildSettings = {
				ASSETCATALOG_COMPILER_APPICON_NAME = AppIcon;
				ASSETCATALOG_COMPILER_GLOBAL_ACCENT_COLOR_NAME = AccentColor;
				CODE_SIGN_STYLE = Automatic;
				CURRENT_PROJECT_VERSION = 1;
				GENERATE_INFOPLIST_FILE = YES;
				INFOPLIST_FILE = Points/Info.plist;
				INFOPLIST_KEY_UIApplicationSupportsIndirectInputEvents = YES;
				INFOPLIST_KEY_UILaunchStoryboardName = Launch;
				INFOPLIST_KEY_UISupportedInterfaceOrientations_iPad = "UIInterfaceOrientationPortrait UIInterfaceOrientationPortraitUpsideDown UIInterfaceOrientationLandscapeLeft UIInterfaceOrientationLandscapeRight";
				INFOPLIST_KEY_UISupportedInterfaceOrientations_iPhone = "UIInterfaceOrientationPortrait UIInterfaceOrientationLandscapeLeft UIInterfaceOrientationLandscapeRight";
				LD_RUNPATH_SEARCH_PATHS = (
					"$(inherited)",
					"@executable_path/Frameworks",
				);
				MARKETING_VERSION = 0.0.1;
				PRODUCT_BUNDLE_IDENTIFIER = com.challenge.points;
				PRODUCT_NAME = "$(TARGET_NAME)";
				SWIFT_EMIT_LOC_STRINGS = YES;
				SWIFT_VERSION = 5.0;
				TARGETED_DEVICE_FAMILY = "1,2";
			};
			name = Debug;
		};
		130B8DFB280467B900E251B1 /* Release */ = {
			isa = XCBuildConfiguration;
			buildSettings = {
				ASSETCATALOG_COMPILER_APPICON_NAME = AppIcon;
				ASSETCATALOG_COMPILER_GLOBAL_ACCENT_COLOR_NAME = AccentColor;
				CODE_SIGN_STYLE = Automatic;
				CURRENT_PROJECT_VERSION = 1;
				GENERATE_INFOPLIST_FILE = YES;
				INFOPLIST_FILE = Points/Info.plist;
				INFOPLIST_KEY_UIApplicationSupportsIndirectInputEvents = YES;
				INFOPLIST_KEY_UILaunchStoryboardName = Launch;
				INFOPLIST_KEY_UISupportedInterfaceOrientations_iPad = "UIInterfaceOrientationPortrait UIInterfaceOrientationPortraitUpsideDown UIInterfaceOrientationLandscapeLeft UIInterfaceOrientationLandscapeRight";
				INFOPLIST_KEY_UISupportedInterfaceOrientations_iPhone = "UIInterfaceOrientationPortrait UIInterfaceOrientationLandscapeLeft UIInterfaceOrientationLandscapeRight";
				LD_RUNPATH_SEARCH_PATHS = (
					"$(inherited)",
					"@executable_path/Frameworks",
				);
				MARKETING_VERSION = 0.0.1;
				PRODUCT_BUNDLE_IDENTIFIER = com.challenge.points;
				PRODUCT_NAME = "$(TARGET_NAME)";
				SWIFT_EMIT_LOC_STRINGS = YES;
				SWIFT_VERSION = 5.0;
				TARGETED_DEVICE_FAMILY = "1,2";
			};
			name = Release;
		};
		130B8E0D28046B2300E251B1 /* Debug */ = {
			isa = XCBuildConfiguration;
			buildSettings = {
				CODE_SIGN_STYLE = Automatic;
				CURRENT_PROJECT_VERSION = 1;
				DEFINES_MODULE = YES;
				DYLIB_COMPATIBILITY_VERSION = 1;
				DYLIB_CURRENT_VERSION = 1;
				DYLIB_INSTALL_NAME_BASE = "@rpath";
				GENERATE_INFOPLIST_FILE = YES;
				INFOPLIST_KEY_NSHumanReadableCopyright = "";
				INSTALL_PATH = "$(LOCAL_LIBRARY_DIR)/Frameworks";
				LD_RUNPATH_SEARCH_PATHS = (
					"$(inherited)",
					"@executable_path/Frameworks",
					"@loader_path/Frameworks",
				);
				MARKETING_VERSION = 1.0.0;
				PRODUCT_BUNDLE_IDENTIFIER = com.challenge.layer.domain;
				PRODUCT_NAME = "$(TARGET_NAME:c99extidentifier)";
				SKIP_INSTALL = YES;
				SUPPORTS_MACCATALYST = NO;
				SWIFT_EMIT_LOC_STRINGS = YES;
				SWIFT_VERSION = 5.0;
				TARGETED_DEVICE_FAMILY = "1,2";
				VERSIONING_SYSTEM = "apple-generic";
				VERSION_INFO_PREFIX = "";
			};
			name = Debug;
		};
		130B8E0E28046B2300E251B1 /* Release */ = {
			isa = XCBuildConfiguration;
			buildSettings = {
				CODE_SIGN_STYLE = Automatic;
				CURRENT_PROJECT_VERSION = 1;
				DEFINES_MODULE = YES;
				DYLIB_COMPATIBILITY_VERSION = 1;
				DYLIB_CURRENT_VERSION = 1;
				DYLIB_INSTALL_NAME_BASE = "@rpath";
				GENERATE_INFOPLIST_FILE = YES;
				INFOPLIST_KEY_NSHumanReadableCopyright = "";
				INSTALL_PATH = "$(LOCAL_LIBRARY_DIR)/Frameworks";
				LD_RUNPATH_SEARCH_PATHS = (
					"$(inherited)",
					"@executable_path/Frameworks",
					"@loader_path/Frameworks",
				);
				MARKETING_VERSION = 1.0.0;
				PRODUCT_BUNDLE_IDENTIFIER = com.challenge.layer.domain;
				PRODUCT_NAME = "$(TARGET_NAME:c99extidentifier)";
				SKIP_INSTALL = YES;
				SUPPORTS_MACCATALYST = NO;
				SWIFT_EMIT_LOC_STRINGS = YES;
				SWIFT_VERSION = 5.0;
				TARGETED_DEVICE_FAMILY = "1,2";
				VERSIONING_SYSTEM = "apple-generic";
				VERSION_INFO_PREFIX = "";
			};
			name = Release;
		};
		130B8E1F28046EDF00E251B1 /* Debug */ = {
			isa = XCBuildConfiguration;
			buildSettings = {
				CODE_SIGN_STYLE = Automatic;
				CURRENT_PROJECT_VERSION = 1;
				DEFINES_MODULE = YES;
				DYLIB_COMPATIBILITY_VERSION = 1;
				DYLIB_CURRENT_VERSION = 1;
				DYLIB_INSTALL_NAME_BASE = "@rpath";
				GENERATE_INFOPLIST_FILE = YES;
				INFOPLIST_KEY_NSHumanReadableCopyright = "";
				INSTALL_PATH = "$(LOCAL_LIBRARY_DIR)/Frameworks";
				LD_RUNPATH_SEARCH_PATHS = (
					"$(inherited)",
					"@executable_path/Frameworks",
					"@loader_path/Frameworks",
				);
				MARKETING_VERSION = 1.0.0;
				PRODUCT_BUNDLE_IDENTIFIER = com.challenge.layer.api;
				PRODUCT_NAME = "$(TARGET_NAME:c99extidentifier)";
				SKIP_INSTALL = YES;
				SUPPORTS_MACCATALYST = NO;
				SWIFT_EMIT_LOC_STRINGS = YES;
				SWIFT_VERSION = 5.0;
				TARGETED_DEVICE_FAMILY = "1,2";
				VERSIONING_SYSTEM = "apple-generic";
				VERSION_INFO_PREFIX = "";
			};
			name = Debug;
		};
		130B8E2028046EDF00E251B1 /* Release */ = {
			isa = XCBuildConfiguration;
			buildSettings = {
				CODE_SIGN_STYLE = Automatic;
				CURRENT_PROJECT_VERSION = 1;
				DEFINES_MODULE = YES;
				DYLIB_COMPATIBILITY_VERSION = 1;
				DYLIB_CURRENT_VERSION = 1;
				DYLIB_INSTALL_NAME_BASE = "@rpath";
				GENERATE_INFOPLIST_FILE = YES;
				INFOPLIST_KEY_NSHumanReadableCopyright = "";
				INSTALL_PATH = "$(LOCAL_LIBRARY_DIR)/Frameworks";
				LD_RUNPATH_SEARCH_PATHS = (
					"$(inherited)",
					"@executable_path/Frameworks",
					"@loader_path/Frameworks",
				);
				MARKETING_VERSION = 1.0.0;
				PRODUCT_BUNDLE_IDENTIFIER = com.challenge.layer.api;
				PRODUCT_NAME = "$(TARGET_NAME:c99extidentifier)";
				SKIP_INSTALL = YES;
				SUPPORTS_MACCATALYST = NO;
				SWIFT_EMIT_LOC_STRINGS = YES;
				SWIFT_VERSION = 5.0;
				TARGETED_DEVICE_FAMILY = "1,2";
				VERSIONING_SYSTEM = "apple-generic";
				VERSION_INFO_PREFIX = "";
			};
			name = Release;
		};
		1381E828280BC67C00D9CBEE /* Debug */ = {
			isa = XCBuildConfiguration;
			buildSettings = {
				CODE_SIGN_STYLE = Automatic;
				CURRENT_PROJECT_VERSION = 1;
				DEFINES_MODULE = YES;
				DYLIB_COMPATIBILITY_VERSION = 1;
				DYLIB_CURRENT_VERSION = 1;
				DYLIB_INSTALL_NAME_BASE = "@rpath";
				GENERATE_INFOPLIST_FILE = YES;
				INFOPLIST_KEY_NSHumanReadableCopyright = "";
				INSTALL_PATH = "$(LOCAL_LIBRARY_DIR)/Frameworks";
				LD_RUNPATH_SEARCH_PATHS = (
					"$(inherited)",
					"@executable_path/Frameworks",
					"@loader_path/Frameworks",
				);
				MARKETING_VERSION = 1.0;
				PRODUCT_BUNDLE_IDENTIFIER = com.challenge.feature.ui.chart;
				PRODUCT_NAME = "$(TARGET_NAME:c99extidentifier)";
				SKIP_INSTALL = YES;
				SUPPORTS_MACCATALYST = NO;
				SWIFT_EMIT_LOC_STRINGS = YES;
				SWIFT_VERSION = 5.0;
				TARGETED_DEVICE_FAMILY = "1,2";
				VERSIONING_SYSTEM = "apple-generic";
				VERSION_INFO_PREFIX = "";
			};
			name = Debug;
		};
		1381E829280BC67C00D9CBEE /* Release */ = {
			isa = XCBuildConfiguration;
			buildSettings = {
				CODE_SIGN_STYLE = Automatic;
				CURRENT_PROJECT_VERSION = 1;
				DEFINES_MODULE = YES;
				DYLIB_COMPATIBILITY_VERSION = 1;
				DYLIB_CURRENT_VERSION = 1;
				DYLIB_INSTALL_NAME_BASE = "@rpath";
				GENERATE_INFOPLIST_FILE = YES;
				INFOPLIST_KEY_NSHumanReadableCopyright = "";
				INSTALL_PATH = "$(LOCAL_LIBRARY_DIR)/Frameworks";
				LD_RUNPATH_SEARCH_PATHS = (
					"$(inherited)",
					"@executable_path/Frameworks",
					"@loader_path/Frameworks",
				);
				MARKETING_VERSION = 1.0;
				PRODUCT_BUNDLE_IDENTIFIER = com.challenge.feature.ui.chart;
				PRODUCT_NAME = "$(TARGET_NAME:c99extidentifier)";
				SKIP_INSTALL = YES;
				SUPPORTS_MACCATALYST = NO;
				SWIFT_EMIT_LOC_STRINGS = YES;
				SWIFT_VERSION = 5.0;
				TARGETED_DEVICE_FAMILY = "1,2";
				VERSIONING_SYSTEM = "apple-generic";
				VERSION_INFO_PREFIX = "";
			};
			name = Release;
		};
/* End XCBuildConfiguration section */

/* Begin XCConfigurationList section */
		130B8DE0280467B800E251B1 /* Build configuration list for PBXProject "Points" */ = {
			isa = XCConfigurationList;
			buildConfigurations = (
				130B8DF7280467B900E251B1 /* Debug */,
				130B8DF8280467B900E251B1 /* Release */,
			);
			defaultConfigurationIsVisible = 0;
			defaultConfigurationName = Release;
		};
		130B8DF9280467B900E251B1 /* Build configuration list for PBXNativeTarget "Points" */ = {
			isa = XCConfigurationList;
			buildConfigurations = (
				130B8DFA280467B900E251B1 /* Debug */,
				130B8DFB280467B900E251B1 /* Release */,
			);
			defaultConfigurationIsVisible = 0;
			defaultConfigurationName = Release;
		};
		130B8E0F28046B2300E251B1 /* Build configuration list for PBXNativeTarget "Domain" */ = {
			isa = XCConfigurationList;
			buildConfigurations = (
				130B8E0D28046B2300E251B1 /* Debug */,
				130B8E0E28046B2300E251B1 /* Release */,
			);
			defaultConfigurationIsVisible = 0;
			defaultConfigurationName = Release;
		};
		130B8E2128046EDF00E251B1 /* Build configuration list for PBXNativeTarget "Api" */ = {
			isa = XCConfigurationList;
			buildConfigurations = (
				130B8E1F28046EDF00E251B1 /* Debug */,
				130B8E2028046EDF00E251B1 /* Release */,
			);
			defaultConfigurationIsVisible = 0;
			defaultConfigurationName = Release;
		};
		1381E82A280BC67C00D9CBEE /* Build configuration list for PBXNativeTarget "ChartFeature" */ = {
			isa = XCConfigurationList;
			buildConfigurations = (
				1381E828280BC67C00D9CBEE /* Debug */,
				1381E829280BC67C00D9CBEE /* Release */,
			);
			defaultConfigurationIsVisible = 0;
			defaultConfigurationName = Release;
		};
/* End XCConfigurationList section */

/* Begin XCRemoteSwiftPackageReference section */
		13091C2A2805DA8400D9E117 /* XCRemoteSwiftPackageReference "SnapKit.git" */ = {
			isa = XCRemoteSwiftPackageReference;
			repositoryURL = "https://github.com/SnapKit/SnapKit.git";
			requirement = {
				kind = upToNextMajorVersion;
				minimumVersion = 5.0.0;
			};
		};
		130B8E282804745F00E251B1 /* XCRemoteSwiftPackageReference "Alamofire.git" */ = {
			isa = XCRemoteSwiftPackageReference;
			repositoryURL = "https://github.com/Alamofire/Alamofire.git";
			requirement = {
				kind = upToNextMajorVersion;
				minimumVersion = 5.0.0;
			};
		};
		1381E82E280BC85900D9CBEE /* XCRemoteSwiftPackageReference "Charts.git" */ = {
			isa = XCRemoteSwiftPackageReference;
			repositoryURL = "https://github.com/danielgindi/Charts.git";
			requirement = {
				kind = upToNextMajorVersion;
				minimumVersion = 3.0.0;
			};
		};
		13910B5C2808535200AC42C6 /* XCRemoteSwiftPackageReference "Swinject.git" */ = {
			isa = XCRemoteSwiftPackageReference;
			repositoryURL = "https://github.com/Swinject/Swinject.git";
			requirement = {
				kind = upToNextMajorVersion;
				minimumVersion = 2.0.0;
			};
		};
/* End XCRemoteSwiftPackageReference section */

/* Begin XCSwiftPackageProductDependency section */
		13091C2B2805DA8400D9E117 /* SnapKit */ = {
			isa = XCSwiftPackageProductDependency;
			package = 13091C2A2805DA8400D9E117 /* XCRemoteSwiftPackageReference "SnapKit.git" */;
			productName = SnapKit;
		};
		130B8E292804745F00E251B1 /* Alamofire */ = {
			isa = XCSwiftPackageProductDependency;
			package = 130B8E282804745F00E251B1 /* XCRemoteSwiftPackageReference "Alamofire.git" */;
			productName = Alamofire;
		};
		1381E82B280BC6A500D9CBEE /* SnapKit */ = {
			isa = XCSwiftPackageProductDependency;
			package = 13091C2A2805DA8400D9E117 /* XCRemoteSwiftPackageReference "SnapKit.git" */;
			productName = SnapKit;
		};
		1381E82F280BC85900D9CBEE /* Charts */ = {
			isa = XCSwiftPackageProductDependency;
			package = 1381E82E280BC85900D9CBEE /* XCRemoteSwiftPackageReference "Charts.git" */;
			productName = Charts;
		};
		13910B5D280853D700AC42C6 /* Swinject */ = {
			isa = XCSwiftPackageProductDependency;
			package = 13910B5C2808535200AC42C6 /* XCRemoteSwiftPackageReference "Swinject.git" */;
			productName = Swinject;
		};
/* End XCSwiftPackageProductDependency section */
	};
	rootObject = 130B8DDD280467B800E251B1 /* Project object */;
}
